
Microsoft Visual Studio Solution File, Format Version 12.00
# Visual Studio Version 16
VisualStudioVersion = 16.0.29503.13
MinimumVisualStudioVersion = 10.0.40219.1
Project("{FAE04EC0-301F-11D3-BF4B-00C04F79EFBC}") = "TwitterCloneCs", "TwitterCloneCs.csproj", "{98E78252-5AB4-4881-9CC9-57B392AD3DBE}"
EndProject
Global
	GlobalSection(SolutionConfigurationPlatforms) = preSolution
		Debug|Any CPU = Debug|Any CPU
		Release|Any CPU = Release|Any CPU
	EndGlobalSection
	GlobalSection(ProjectConfigurationPlatforms) = postSolution
		{98E78252-5AB4-4881-9CC9-57B392AD3DBE}.Debug|Any CPU.ActiveCfg = Debug|Any CPU
		{98E78252-5AB4-4881-9CC9-57B392AD3DBE}.Debug|Any CPU.Build.0 = Debug|Any CPU
		{98E78252-5AB4-4881-9CC9-57B392AD3DBE}.Release|Any CPU.ActiveCfg = Release|Any CPU
		{98E78252-5AB4-4881-9CC9-57B392AD3DBE}.Release|Any CPU.Build.0 = Release|Any CPU
	EndGlobalSection
	GlobalSection(SolutionProperties) = preSolution
		HideSolutionNode = FALSE
	EndGlobalSection
	GlobalSection(ExtensibilityGlobals) = postSolution
		SolutionGuid = {08976A3D-D2C7-4724-B021-0D221621C37A}
	EndGlobalSection
EndGlobal
